# @generated by Move, please check-in and do not edit manually.

[move]
version = 3
manifest_digest = "09B0E7967075899DB551120D4D668B586D73A27E0030B1B59F0F8E13E79EE563"
deps_digest = "3C4103934B1E040BB6B23F1D610B4EF9F2F1166A50A104EADCF77467C004C600"
dependencies = [
  { id = "Sui", name = "Sui" },
  { id = "TurbosCLMM", name = "TurbosCLMM" },
]

[[move.package]]
id = "MoveStdlib"
source = { git = "https://github.com/MystenLabs/sui.git", rev = "mainnet", subdir = "crates/sui-framework/packages/move-stdlib" }

[[move.package]]
id = "Sui"
source = { git = "https://github.com/MystenLabs/sui.git", rev = "mainnet", subdir = "crates/sui-framework/packages/sui-framework" }

dependencies = [
  { id = "MoveStdlib", name = "MoveStdlib" },
]

[[move.package]]
id = "TurbosCLMM"
source = { git = "https://github.com/turbos-finance/turbos-sui-move-interface.git", rev = "main", subdir = "clmm" }

dependencies = [
  { id = "Sui", name = "Sui" },
]
